# nanvix.lock - auto-generated by nanvix_zutil. DO NOT EDIT.

[metadata]
manifest-hash = "sha256:7e4120a87d61c93a183c2f37afdfed8f0cf7b37ca28f38ab6bf7bcec84da3b31"
nanvix-zutil-version = "0.15.0"
shallow = true

[metadata.sdk]
schema-version = 1
sdk-version = "v0.20.0-sdk.1"
provider-id = "c-clang"
provider = "clang"
role = "c"
image-name = "ghcr.io/nanvix/nanvix-sdk-c-clang"
image-digest = "sha256:f61737cb0780e6a2058c6d0bdf8ae5562db18de437173b2bcbbe6973abd3689f"
image-ref = "ghcr.io/nanvix/nanvix-sdk-c-clang@sha256:f61737cb0780e6a2058c6d0bdf8ae5562db18de437173b2bcbbe6973abd3689f"
nanvix-tag = "v0.20.0"
nanvix-version = "0.20.0"
nanvix-commit = "edda6ab30be8c804a9a2baeaca0195945c3e3bc1"
sysroot-sha256 = "2bebdcf3679936de83f125821ddc033aef5727532fc2d2e2c720023cb5836788"

[metadata.sdk.target]
triple = "i686-unknown-nanvix"
alias = "i686-nanvix"

[metadata.sdk.toolchain]
llvm_version = "22.1.8"
llvm_commit = "2540a4de042a39d88c4ecd920bf0351288f1dc4a"
port_branch = "nanvix/v22.1.8"

[metadata.sdk.compat]
c_abi = "i686-nanvix-sysv-1"
cxx_abi = "libc++"
abi = "static-elf"
min_nanvix_os = "0.19.9"

[metadata.sdk.features]
localization = true
filesystem = true
wide_chars = true
compiler_rt = "builtins-only"
dynamic_loader = false


[[package]]
name = "nanvix"
repo = "nanvix/nanvix"
kind = "sysroot"
ref-kind = "tag"
ref-value = "0.20.0"
resolved-tag = "v0.20.0"
resolved-commitish = "edda6ab30be8c804a9a2baeaca0195945c3e3bc1"
release-id = 352415131
dependencies = []

[[package.assets]]
name = "nanvix-windows-x86-microvm-standalone-release-256mb-edda6ab30be8c804a9a2baeaca0195945c3e3bc1.zip"
url = "https://github.com/nanvix/nanvix/releases/download/v0.20.0/nanvix-windows-x86-microvm-standalone-release-256mb-edda6ab30be8c804a9a2baeaca0195945c3e3bc1.zip"
id = 473170262

[[package.assets]]
name = "nanvix-x86-microvm-single-process-release-256mb-edda6ab30be8c804a9a2baeaca0195945c3e3bc1.tar.bz2"
url = "https://github.com/nanvix/nanvix/releases/download/v0.20.0/nanvix-x86-microvm-single-process-release-256mb-edda6ab30be8c804a9a2baeaca0195945c3e3bc1.tar.bz2"
id = 473170304

[[package.assets]]
name = "nanvix-x86-microvm-standalone-release-256mb-edda6ab30be8c804a9a2baeaca0195945c3e3bc1.tar.bz2"
url = "https://github.com/nanvix/nanvix/releases/download/v0.20.0/nanvix-x86-microvm-standalone-release-256mb-edda6ab30be8c804a9a2baeaca0195945c3e3bc1.tar.bz2"
id = 473170309
